github.com/gorilla/mux v1.8.0 h1:i40aqfkR1h2SlN9hojwV5ZA91wcXFOvkdNIeFDP5koI=
github.com/gorilla/mux v1.8.0/go.mod h1:DVbg23sWSpFRCP0SfiEN6jmj59UnW/n46BH5rLB71So=
github.com/sec51/convert v0.0.0-20190309075348-ebe586d87951 h1:taE4tHnTci7boZpw+Xozd6KYy8AJ5WZoIuaJhQ8FvqQ=
github.com/sec51/convert v0.0.0-20190309075348-ebe586d87951/go.mod h1:SRX4rc9r9AHj56zHfvY1XBPwhLU0vFZdIX7HaD1C3z8=
github.com/sec51/cryptoengine v0.0.0-20180911112225-2306d105a49e h1:HsNjVWYeVdO/zoSfNBwJOs1PuSQCSCkwqW6Lp1TtZGs=
github.com/sec51/cryptoengine v0.0.0-20180911112225-2306d105a49e/go.mod h1:g7izN9sUffTPdvcrt39y/ZephG5oJ9XizhJxxBOYDL0=
github.com/sec51/gf256 v0.0.0-20160126143050-2454accbeb9e h1:wKXba8dfsFjbxkMpzZBKt8gkJAMSm1fIf1OSWQFQrVA=
github.com/sec51/gf256 v0.0.0-20160126143050-2454accbeb9e/go.mod h1:hCjOqSOB9PBw5MdJ+0uSLCBV7FbLy0xwOR+c193HkcE=
github.com/sec51/qrcode v0.0.0-20160126144534-b7779abbcaf1 h1:CI9zS8HvMiibvXM/F3IthY797GW77fNYgioJl/8Xzzk=
github.com/sec51/qrcode v0.0.0-20160126144534-b7779abbcaf1/go.mod h1:uPm44Rj3uXSSOvmKmoeRuAUNUgwH2JHW5KIzqFFS/j4=
github.com/sec51/twofactor v1.0.0 h1:1BTbzPhyMyB0YvcWxgNxEkI7WDNsBLvR+z699YWGMC8=
github.com/sec51/twofactor v1.0.0/go.mod h1:CjtKwpvQSs9SYzLUsRH7gML+TgKeIofT8uxoy7RTLQI=
golang.org/x/crypto v0.0.0-20210711020723-a769d52b0f97 h1:/UOmuWzQfxxo9UtlXMwuQU8CMgg1eZXqTRwkSQJWKOI=
golang.org/x/crypto v0.0.0-20210711020723-a769d52b0f97/go.mod h1:GvvjBRRGRdwPK5ydBHafDWAxML/pGHZbMvKqRZ5+Abc=
golang.org/x/net v0.0.0-20210226172049-e18ecbb05110/go.mod h1:m0MpNAwzfU5UDzcl9v0D8zg8gWTRqZa9RBIspLL5mdg=
golang.org/x/sys v0.0.0-20201119102817-f84b799fce68/go.mod h1:h1NjWce9XRLGQEsW7wpKNCjG9DtNlClVuFLEZdDNbEs=
golang.org/x/sys v0.0.0-20210615035016-665e8c7367d1 h1:SrN+KX8Art/Sf4HNj6Zcz06G7VEz+7w9tdXTPOZ7+l4=
golang.org/x/sys v0.0.0-20210615035016-665e8c7367d1/go.mod h1:oPkhp1MJrh7nUepCBck5+mAzfO9JrbApNNgaTdGDITg=
golang.org/x/term v0.0.0-20201126162022-7de9c90e9dd1/go.mod h1:bj7SfCRtBDWHUb9snDiAeCFNEtKQo2Wmx5Cou7ajbmo=
golang.org/x/text v0.3.3/go.mod h1:5Zoc/QRtKVWzQhOtBMvqHzDpF6irO9z98xDceosuGiQ=
golang.org/x/tools v0.0.0-20180917221912-90fa682c2a6e/go.mod h1:n7NCudcB/nEzxVGmLbDWY5pfWTLqBcC2KZ6jyYvM4mQ=
